
Microsoft Visual Studio Solution File, Format Version 11.00
# Visual Studio 2010
Project("{FAE04EC0-301F-11D3-BF4B-00C04F79EFBC}") = "WebApp", "WebApp\WebApp.csproj", "{B6599476-7972-4C62-B9E6-61AADF065545}"
EndProject
Project("{FAE04EC0-301F-11D3-BF4B-00C04F79EFBC}") = "WebApp.Tests", "WebApp.Tests\WebApp.Tests.csproj", "{405F95D3-6FBA-422E-BD22-589227A6081C}"
EndProject
Global
	GlobalSection(SolutionConfigurationPlatforms) = preSolution
		Debug|Any CPU = Debug|Any CPU
		Release|Any CPU = Release|Any CPU
	EndGlobalSection
	GlobalSection(ProjectConfigurationPlatforms) = postSolution
		{B6599476-7972-4C62-B9E6-61AADF065545}.Debug|Any CPU.ActiveCfg = Debug|Any CPU
		{B6599476-7972-4C62-B9E6-61AADF065545}.Debug|Any CPU.Build.0 = Debug|Any CPU
		{B6599476-7972-4C62-B9E6-61AADF065545}.Release|Any CPU.ActiveCfg = Release|Any CPU
		{B6599476-7972-4C62-B9E6-61AADF065545}.Release|Any CPU.Build.0 = Release|Any CPU
		{405F95D3-6FBA-422E-BD22-589227A6081C}.Debug|Any CPU.ActiveCfg = Debug|Any CPU
		{405F95D3-6FBA-422E-BD22-589227A6081C}.Debug|Any CPU.Build.0 = Debug|Any CPU
		{405F95D3-6FBA-422E-BD22-589227A6081C}.Release|Any CPU.ActiveCfg = Release|Any CPU
		{405F95D3-6FBA-422E-BD22-589227A6081C}.Release|Any CPU.Build.0 = Release|Any CPU
	EndGlobalSection
	GlobalSection(SolutionProperties) = preSolution
		HideSolutionNode = FALSE
	EndGlobalSection
EndGlobal
